
Microsoft Visual Studio Solution File, Format Version 12.00
# Visual Studio Version 17
VisualStudioVersion = 17.0.32112.339
MinimumVisualStudioVersion = 10.0.40219.1
Project("{FAE04EC0-301F-11D3-BF4B-00C04F79EFBC}") = "Mac", "Mac.csproj", "{B66D7FD7-7B4C-4129-8F80-997BDB7ADF33}"
EndProject
Global
	GlobalSection(SolutionConfigurationPlatforms) = preSolution
		Debug|Any CPU = Debug|Any CPU
		Release|Any CPU = Release|Any CPU
	EndGlobalSection
	GlobalSection(ProjectConfigurationPlatforms) = postSolution
		{B66D7FD7-7B4C-4129-8F80-997BDB7ADF33}.Debug|Any CPU.ActiveCfg = Debug|Any CPU
		{B66D7FD7-7B4C-4129-8F80-997BDB7ADF33}.Debug|Any CPU.Build.0 = Debug|Any CPU
		{B66D7FD7-7B4C-4129-8F80-997BDB7ADF33}.Release|Any CPU.ActiveCfg = Release|Any CPU
		{B66D7FD7-7B4C-4129-8F80-997BDB7ADF33}.Release|Any CPU.Build.0 = Release|Any CPU
	EndGlobalSection
	GlobalSection(SolutionProperties) = preSolution
		HideSolutionNode = FALSE
	EndGlobalSection
	GlobalSection(ExtensibilityGlobals) = postSolution
		SolutionGuid = {5DBD1F55-27AE-4A46-AB3F-C8AC3806EB1A}
	EndGlobalSection
EndGlobal
